
Microsoft Visual Studio Solution File, Format Version 12.00
# Visual Studio Version 17
VisualStudioVersion = 17.7.34031.279
MinimumVisualStudioVersion = 10.0.40219.1
Project("{FAE04EC0-301F-11D3-BF4B-00C04F79EFBC}") = "ManipulacionCSVJson", "ManipulacionCSVJson\ManipulacionCSVJson.csproj", "{D9B0C8D1-62C9-4D10-8DC0-F23C6F25297C}"
EndProject
Global
	GlobalSection(SolutionConfigurationPlatforms) = preSolution
		Debug|Any CPU = Debug|Any CPU
		Release|Any CPU = Release|Any CPU
	EndGlobalSection
	GlobalSection(ProjectConfigurationPlatforms) = postSolution
		{D9B0C8D1-62C9-4D10-8DC0-F23C6F25297C}.Debug|Any CPU.ActiveCfg = Debug|Any CPU
		{D9B0C8D1-62C9-4D10-8DC0-F23C6F25297C}.Debug|Any CPU.Build.0 = Debug|Any CPU
		{D9B0C8D1-62C9-4D10-8DC0-F23C6F25297C}.Release|Any CPU.ActiveCfg = Release|Any CPU
		{D9B0C8D1-62C9-4D10-8DC0-F23C6F25297C}.Release|Any CPU.Build.0 = Release|Any CPU
	EndGlobalSection
	GlobalSection(SolutionProperties) = preSolution
		HideSolutionNode = FALSE
	EndGlobalSection
	GlobalSection(ExtensibilityGlobals) = postSolution
		SolutionGuid = {54F84529-6F36-4DA5-A781-62EA8F5C48F6}
	EndGlobalSection
EndGlobal
